
Microsoft Visual Studio Solution File, Format Version 12.00
# Visual Studio Version 17
VisualStudioVersion = 17.6.33815.320
MinimumVisualStudioVersion = 10.0.40219.1
Project("{9A19103F-16F7-4668-BE54-9A1E7A4F7556}") = "ComplexManagement", "ComplexManagement\ComplexManagement.csproj", "{CF17CD87-1E5D-4431-B507-7B8A70656167}"
EndProject
Project("{FAE04EC0-301F-11D3-BF4B-00C04F79EFBC}") = "ComplexManagementMigration", "ComplexManagementMigration\ComplexManagementMigration.csproj", "{7119E7D4-B02B-4416-862E-B39B6672AD66}"
EndProject
Global
	GlobalSection(SolutionConfigurationPlatforms) = preSolution
		Debug|Any CPU = Debug|Any CPU
		Release|Any CPU = Release|Any CPU
	EndGlobalSection
	GlobalSection(ProjectConfigurationPlatforms) = postSolution
		{CF17CD87-1E5D-4431-B507-7B8A70656167}.Debug|Any CPU.ActiveCfg = Debug|Any CPU
		{CF17CD87-1E5D-4431-B507-7B8A70656167}.Debug|Any CPU.Build.0 = Debug|Any CPU
		{CF17CD87-1E5D-4431-B507-7B8A70656167}.Release|Any CPU.ActiveCfg = Release|Any CPU
		{CF17CD87-1E5D-4431-B507-7B8A70656167}.Release|Any CPU.Build.0 = Release|Any CPU
		{7119E7D4-B02B-4416-862E-B39B6672AD66}.Debug|Any CPU.ActiveCfg = Debug|Any CPU
		{7119E7D4-B02B-4416-862E-B39B6672AD66}.Debug|Any CPU.Build.0 = Debug|Any CPU
		{7119E7D4-B02B-4416-862E-B39B6672AD66}.Release|Any CPU.ActiveCfg = Release|Any CPU
		{7119E7D4-B02B-4416-862E-B39B6672AD66}.Release|Any CPU.Build.0 = Release|Any CPU
	EndGlobalSection
	GlobalSection(SolutionProperties) = preSolution
		HideSolutionNode = FALSE
	EndGlobalSection
	GlobalSection(ExtensibilityGlobals) = postSolution
		SolutionGuid = {2DA5ECF8-85E5-4BFA-AD5F-017A61E33168}
	EndGlobalSection
EndGlobal
